PODS:
  - Flutter (1.0.0)
  - permission_handler_apple (9.3.0):
    - Flutter
  - rate_my_app (2.3.2):
    - Flutter
    - FlutterMacOS

DEPENDENCIES:
  - Flutter (from `Flutter`)
  - permission_handler_apple (from `.symlinks/plugins/permission_handler_apple/ios`)
  - rate_my_app (from `.symlinks/plugins/rate_my_app/darwin`)

EXTERNAL SOURCES:
  Flutter:
    :path: Flutter
  permission_handler_apple:
    :path: ".symlinks/plugins/permission_handler_apple/ios"
  rate_my_app:
    :path: ".symlinks/plugins/rate_my_app/darwin"

SPEC CHECKSUMS:
  Flutter: cabc95a1d2626b1b06e7179b784ebcf0c0cde467
  permission_handler_apple: 4ed2196e43d0651e8ff7ca3483a069d469701f2d
  rate_my_app: cbb89973f870601f80f7bad63aba107260cabc5b

PODFILE CHECKSUM: ce2a4dd764e1c7aeed6a7cdc5e61d092b6dc6d32

COCOAPODS: 1.16.2
